
Microsoft Visual Studio Solution File, Format Version 12.00
# Visual Studio 2012
Project("{FAE04EC0-301F-11D3-BF4B-00C04F79EFBC}") = "MVC4TestBed", "MVC4TestBed\MVC4TestBed.csproj", "{B931EDA4-3A99-4E32-B020-F766BB072ED5}"
EndProject
Global
	GlobalSection(SolutionConfigurationPlatforms) = preSolution
		Debug|Any CPU = Debug|Any CPU
		Release|Any CPU = Release|Any CPU
	EndGlobalSection
	GlobalSection(ProjectConfigurationPlatforms) = postSolution
		{B931EDA4-3A99-4E32-B020-F766BB072ED5}.Debug|Any CPU.ActiveCfg = Debug|Any CPU
		{B931EDA4-3A99-4E32-B020-F766BB072ED5}.Debug|Any CPU.Build.0 = Debug|Any CPU
		{B931EDA4-3A99-4E32-B020-F766BB072ED5}.Release|Any CPU.ActiveCfg = Release|Any CPU
		{B931EDA4-3A99-4E32-B020-F766BB072ED5}.Release|Any CPU.Build.0 = Release|Any CPU
	EndGlobalSection
	GlobalSection(SolutionProperties) = preSolution
		HideSolutionNode = FALSE
	EndGlobalSection
EndGlobal
